// !$*UTF8*$!
{
	archiveVersion = 1;
	classes = {
	};
	objectVersion = 48;
	objects = {

/* Begin PBXBuildFile section */
		0D050A7C20A22339005B95A3 /* MainDeviceCell.swift in Sources */ = {isa = PBXBuildFile; fileRef = 0D050A7A20A22339005B95A3 /* MainDeviceCell.swift */; };
		0D050A7D20A22339005B95A3 /* MainDeviceCell.xib in Resources */ = {isa = PBXBuildFile; fileRef = 0D050A7B20A22339005B95A3 /* MainDeviceCell.xib */; };
		0D050A8020A22360005B95A3 /* DeviceNameSubCell.swift in Sources */ = {isa = PBXBuildFile; fileRef = 0D050A7E20A22360005B95A3 /* DeviceNameSubCell.swift */; };
		0D050A8120A22360005B95A3 /* DeviceNameSubCell.xib in Resources */ = {isa = PBXBuildFile; fileRef = 0D050A7F20A22360005B95A3 /* DeviceNameSubCell.xib */; };
		0D050A8320A3E383005B95A3 /* Util.swift in Sources */ = {isa = PBXBuildFile; fileRef = 0D050A8220A3E383005B95A3 /* Util.swift */; };
		0D050A8520A3F5F6005B95A3 /* KwhResponse.swift in Sources */ = {isa = PBXBuildFile; fileRef = 0D050A8420A3F5F6005B95A3 /* KwhResponse.swift */; };
		0D4C1A9121CC33E6001D4D19 /* SolenoidSettingsCell.swift in Sources */ = {isa = PBXBuildFile; fileRef = 0D4C1A8F21CC33E6001D4D19 /* SolenoidSettingsCell.swift */; };
		0D4C1A9221CC33E6001D4D19 /* SolenoidSettingsCell.xib in Resources */ = {isa = PBXBuildFile; fileRef = 0D4C1A9021CC33E6001D4D19 /* SolenoidSettingsCell.xib */; };
		0D4C1A9421CC355B001D4D19 /* AdditionalConfigResponse.swift in Sources */ = {isa = PBXBuildFile; fileRef = 0D4C1A9321CC355B001D4D19 /* AdditionalConfigResponse.swift */; };
		0D4C1A9621CC35B8001D4D19 /* AdditionalConfigRequest.swift in Sources */ = {isa = PBXBuildFile; fileRef = 0D4C1A9521CC35B8001D4D19 /* AdditionalConfigRequest.swift */; };
		0D4C1A9921CC4D9B001D4D19 /* TimeZoneCell.swift in Sources */ = {isa = PBXBuildFile; fileRef = 0D4C1A9721CC4D9B001D4D19 /* TimeZoneCell.swift */; };
		0D4C1A9A21CC4D9B001D4D19 /* TimeZoneCell.xib in Resources */ = {isa = PBXBuildFile; fileRef = 0D4C1A9821CC4D9B001D4D19 /* TimeZoneCell.xib */; };
		0D5CE140209541390096CD99 /* DeviceConfiguration.swift in Sources */ = {isa = PBXBuildFile; fileRef = 0D5CE13F209541390096CD99 /* DeviceConfiguration.swift */; };
		0D5CE142209545030096CD99 /* Constants.swift in Sources */ = {isa = PBXBuildFile; fileRef = 0D5CE141209545030096CD99 /* Constants.swift */; };
		0D5CE1442095479D0096CD99 /* GetDataRequest.swift in Sources */ = {isa = PBXBuildFile; fileRef = 0D5CE1432095479D0096CD99 /* GetDataRequest.swift */; };
		0D5CE146209547E20096CD99 /* GetDataResponse.swift in Sources */ = {isa = PBXBuildFile; fileRef = 0D5CE145209547E20096CD99 /* GetDataResponse.swift */; };
		0D5CE149209548140096CD99 /* RemoteDevice.swift in Sources */ = {isa = PBXBuildFile; fileRef = 0D5CE148209548140096CD99 /* RemoteDevice.swift */; };
		0D5CE14B20954A8C0096CD99 /* RealmDataPoint.swift in Sources */ = {isa = PBXBuildFile; fileRef = 0D5CE14A20954A8C0096CD99 /* RealmDataPoint.swift */; };
		0D5CE14D20954CC80096CD99 /* DataPersistenceManager.swift in Sources */ = {isa = PBXBuildFile; fileRef = 0D5CE14C20954CC80096CD99 /* DataPersistenceManager.swift */; };
		0D6AA3D3208187CF00194AA5 /* AppDelegate.swift in Sources */ = {isa = PBXBuildFile; fileRef = 0D6AA3D2208187CF00194AA5 /* AppDelegate.swift */; };
		0D6AA3D5208187CF00194AA5 /* ViewController.swift in Sources */ = {isa = PBXBuildFile; fileRef = 0D6AA3D4208187CF00194AA5 /* ViewController.swift */; };
		0D6AA3D8208187CF00194AA5 /* Main.storyboard in Resources */ = {isa = PBXBuildFile; fileRef = 0D6AA3D6208187CF00194AA5 /* Main.storyboard */; };
		0D6AA3DA208187CF00194AA5 /* Assets.xcassets in Resources */ = {isa = PBXBuildFile; fileRef = 0D6AA3D9208187CF00194AA5 /* Assets.xcassets */; };
		0D6AA3DD208187CF00194AA5 /* LaunchScreen.storyboard in Resources */ = {isa = PBXBuildFile; fileRef = 0D6AA3DB208187CF00194AA5 /* LaunchScreen.storyboard */; };
		0D6AA3EA208189A600194AA5 /* SaviorVC.swift in Sources */ = {isa = PBXBuildFile; fileRef = 0D6AA3E9208189A600194AA5 /* SaviorVC.swift */; };
		0D6AA3EE20818A7B00194AA5 /* MainVC.swift in Sources */ = {isa = PBXBuildFile; fileRef = 0D6AA3EC20818A7B00194AA5 /* MainVC.swift */; };
		0D6AA3EF20818A7B00194AA5 /* MainVC.xib in Resources */ = {isa = PBXBuildFile; fileRef = 0D6AA3ED20818A7B00194AA5 /* MainVC.xib */; };
		0D6AA3F620818C7F00194AA5 /* ManageVC.swift in Sources */ = {isa = PBXBuildFile; fileRef = 0D6AA3F420818C7F00194AA5 /* ManageVC.swift */; };
		0D6AA3F720818C7F00194AA5 /* ManageVC.xib in Resources */ = {isa = PBXBuildFile; fileRef = 0D6AA3F520818C7F00194AA5 /* ManageVC.xib */; };
		0D73407F20A8ECFE0098343D /* WindowsAzureMessaging.framework in Frameworks */ = {isa = PBXBuildFile; fileRef = 0D73407E20A8ECFE0098343D /* WindowsAzureMessaging.framework */; };
		0D73408920A8FE060098343D /* EnergyPowerUsageChartCell.swift in Sources */ = {isa = PBXBuildFile; fileRef = 0D73408720A8FE060098343D /* EnergyPowerUsageChartCell.swift */; };
		0D73408A20A8FE060098343D /* EnergyPowerUsageChartCell.xib in Resources */ = {isa = PBXBuildFile; fileRef = 0D73408820A8FE060098343D /* EnergyPowerUsageChartCell.xib */; };
		0D73408C20A90F830098343D /* HourValueFormatter.swift in Sources */ = {isa = PBXBuildFile; fileRef = 0D73408B20A90F830098343D /* HourValueFormatter.swift */; };
		0D73409020A92F0D0098343D /* WaterIntensityChartCell.swift in Sources */ = {isa = PBXBuildFile; fileRef = 0D73408E20A92F0D0098343D /* WaterIntensityChartCell.swift */; };
		0D73409120A92F0D0098343D /* WaterIntensityChartCell.xib in Resources */ = {isa = PBXBuildFile; fileRef = 0D73408F20A92F0D0098343D /* WaterIntensityChartCell.xib */; };
		0D73409420A9306E0098343D /* TemperatureChartCell.swift in Sources */ = {isa = PBXBuildFile; fileRef = 0D73409220A9306E0098343D /* TemperatureChartCell.swift */; };
		0D73409520A9306E0098343D /* TemperatureChartCell.xib in Resources */ = {isa = PBXBuildFile; fileRef = 0D73409320A9306E0098343D /* TemperatureChartCell.xib */; };
		0D73409820A9F10A0098343D /* NotificationsVC.swift in Sources */ = {isa = PBXBuildFile; fileRef = 0D73409620A9F10A0098343D /* NotificationsVC.swift */; };
		0D73409920A9F10A0098343D /* NotificationsVC.xib in Resources */ = {isa = PBXBuildFile; fileRef = 0D73409720A9F10A0098343D /* NotificationsVC.xib */; };
		0D73409C20A9F11D0098343D /* DeviceNotificationsVC.swift in Sources */ = {isa = PBXBuildFile; fileRef = 0D73409A20A9F11D0098343D /* DeviceNotificationsVC.swift */; };
		0D73409D20A9F11D0098343D /* DeviceNotificationsVC.xib in Resources */ = {isa = PBXBuildFile; fileRef = 0D73409B20A9F11D0098343D /* DeviceNotificationsVC.xib */; };
		0D7340A020A9F4880098343D /* NotificationTopLevelCell.swift in Sources */ = {isa = PBXBuildFile; fileRef = 0D73409E20A9F4880098343D /* NotificationTopLevelCell.swift */; };
		0D7340A120A9F4880098343D /* NotificationTopLevelCell.xib in Resources */ = {isa = PBXBuildFile; fileRef = 0D73409F20A9F4880098343D /* NotificationTopLevelCell.xib */; };
		0D7340A420A9F4960098343D /* NotificationCell.swift in Sources */ = {isa = PBXBuildFile; fileRef = 0D7340A220A9F4960098343D /* NotificationCell.swift */; };
		0D7340A520A9F4960098343D /* NotificationCell.xib in Resources */ = {isa = PBXBuildFile; fileRef = 0D7340A320A9F4960098343D /* NotificationCell.xib */; };
		0D7340A720A9F5E90098343D /* NotificationsRequest.swift in Sources */ = {isa = PBXBuildFile; fileRef = 0D7340A620A9F5E90098343D /* NotificationsRequest.swift */; };
		0D7340A920A9F6180098343D /* HistoricalKwhRequest.swift in Sources */ = {isa = PBXBuildFile; fileRef = 0D7340A820A9F6180098343D /* HistoricalKwhRequest.swift */; };
		0D7340AB20A9F63B0098343D /* SendCommandRequest.swift in Sources */ = {isa = PBXBuildFile; fileRef = 0D7340AA20A9F63B0098343D /* SendCommandRequest.swift */; };
		0D7340AD20A9F6470098343D /* CalculateHistoricalRequest.swift in Sources */ = {isa = PBXBuildFile; fileRef = 0D7340AC20A9F6470098343D /* CalculateHistoricalRequest.swift */; };
		0D7340AF20A9F65C0098343D /* CalculateHistoricalResponse.swift in Sources */ = {isa = PBXBuildFile; fileRef = 0D7340AE20A9F65C0098343D /* CalculateHistoricalResponse.swift */; };
		0D7340B320A9FE750098343D /* NotificationsResponse.swift in Sources */ = {isa = PBXBuildFile; fileRef = 0D7340B220A9FE750098343D /* NotificationsResponse.swift */; };
		0D7340B520A9FE930098343D /* Notification.swift in Sources */ = {isa = PBXBuildFile; fileRef = 0D7340B420A9FE930098343D /* Notification.swift */; };
		0D7340B720AA02640098343D /* GenericResponse.swift in Sources */ = {isa = PBXBuildFile; fileRef = 0D7340B620AA02640098343D /* GenericResponse.swift */; };
		0D7340B920AA11B00098343D /* RealmNotification.swift in Sources */ = {isa = PBXBuildFile; fileRef = 0D7340B820AA11B00098343D /* RealmNotification.swift */; };
		0D7340C020AA5EA80098343D /* SettingsVC.swift in Sources */ = {isa = PBXBuildFile; fileRef = 0D7340BE20AA5EA80098343D /* SettingsVC.swift */; };
		0D7340C120AA5EA80098343D /* SettingsVC.xib in Resources */ = {isa = PBXBuildFile; fileRef = 0D7340BF20AA5EA80098343D /* SettingsVC.xib */; };
		0D7340C420AA5EB80098343D /* SettingsSliderCell.swift in Sources */ = {isa = PBXBuildFile; fileRef = 0D7340C220AA5EB80098343D /* SettingsSliderCell.swift */; };
		0D7340C520AA5EB80098343D /* SettingsSliderCell.xib in Resources */ = {isa = PBXBuildFile; fileRef = 0D7340C320AA5EB80098343D /* SettingsSliderCell.xib */; };
		0D7340C820ABA8DE0098343D /* SendCommandVC.swift in Sources */ = {isa = PBXBuildFile; fileRef = 0D7340C620ABA8DD0098343D /* SendCommandVC.swift */; };
		0D7340C920ABA8DE0098343D /* SendCommandVC.xib in Resources */ = {isa = PBXBuildFile; fileRef = 0D7340C720ABA8DD0098343D /* SendCommandVC.xib */; };
		0D7340CC20ABB16A0098343D /* HistoryVC.swift in Sources */ = {isa = PBXBuildFile; fileRef = 0D7340CA20ABB16A0098343D /* HistoryVC.swift */; };
		0D7340CD20ABB16A0098343D /* HistoryVC.xib in Resources */ = {isa = PBXBuildFile; fileRef = 0D7340CB20ABB16A0098343D /* HistoryVC.xib */; };
		0D7340D020ABC93D0098343D /* EnergyUtilityVC.swift in Sources */ = {isa = PBXBuildFile; fileRef = 0D7340CE20ABC93D0098343D /* EnergyUtilityVC.swift */; };
		0D7340D120ABC93D0098343D /* EnergyUtilityVC.xib in Resources */ = {isa = PBXBuildFile; fileRef = 0D7340CF20ABC93D0098343D /* EnergyUtilityVC.xib */; };
		0D73412F20B4F30D0098343D /* WifiConfigVC.swift in Sources */ = {isa = PBXBuildFile; fileRef = 0D73412D20B4F30D0098343D /* WifiConfigVC.swift */; };
		0D73413020B4F30D0098343D /* WifiConfigVC.xib in Resources */ = {isa = PBXBuildFile; fileRef = 0D73412E20B4F30D0098343D /* WifiConfigVC.xib */; };
		0D7F876B209184AF00378B03 /* RealmSavior.swift in Sources */ = {isa = PBXBuildFile; fileRef = 0D7F876A209184AF00378B03 /* RealmSavior.swift */; };
		0D7F877020918A2C00378B03 /* GenericRequest.swift in Sources */ = {isa = PBXBuildFile; fileRef = 0D7F876F20918A2C00378B03 /* GenericRequest.swift */; };
		0D7F877220918A3A00378B03 /* NamesResponse.swift in Sources */ = {isa = PBXBuildFile; fileRef = 0D7F877120918A3A00378B03 /* NamesResponse.swift */; };
		0D7F877420918A5F00378B03 /* AzureApi.swift in Sources */ = {isa = PBXBuildFile; fileRef = 0D7F877320918A5F00378B03 /* AzureApi.swift */; };
		0D7F877620918ADE00378B03 /* ServerError.swift in Sources */ = {isa = PBXBuildFile; fileRef = 0D7F877520918ADE00378B03 /* ServerError.swift */; };
		0DB78D9D2142E69F00AB60C9 /* DetailWaterFlowInfoCell.swift in Sources */ = {isa = PBXBuildFile; fileRef = 0DB78D9B2142E69F00AB60C9 /* DetailWaterFlowInfoCell.swift */; };
		0DB78D9E2142E69F00AB60C9 /* DetailWaterFlowInfoCell.xib in Resources */ = {isa = PBXBuildFile; fileRef = 0DB78D9C2142E69F00AB60C9 /* DetailWaterFlowInfoCell.xib */; };
		0DB78DA121434D7E00AB60C9 /* WifiSendDataVC.swift in Sources */ = {isa = PBXBuildFile; fileRef = 0DB78D9F21434D7E00AB60C9 /* WifiSendDataVC.swift */; };
		0DB78DA221434D7E00AB60C9 /* WifiSendDataVC.xib in Resources */ = {isa = PBXBuildFile; fileRef = 0DB78DA021434D7E00AB60C9 /* WifiSendDataVC.xib */; };
		0DE4CC1720A4B27F001A4E5D /* DetailVC.swift in Sources */ = {isa = PBXBuildFile; fileRef = 0DE4CC1520A4B27F001A4E5D /* DetailVC.swift */; };
		0DE4CC1820A4B27F001A4E5D /* DetailVC.xib in Resources */ = {isa = PBXBuildFile; fileRef = 0DE4CC1620A4B27F001A4E5D /* DetailVC.xib */; };
		0DE4CC1B20A4B954001A4E5D /* DetailWaterInfoCell.swift in Sources */ = {isa = PBXBuildFile; fileRef = 0DE4CC1920A4B954001A4E5D /* DetailWaterInfoCell.swift */; };
		0DE4CC1C20A4B954001A4E5D /* DetailWaterInfoCell.xib in Resources */ = {isa = PBXBuildFile; fileRef = 0DE4CC1A20A4B954001A4E5D /* DetailWaterInfoCell.xib */; };
		0DE4CC1F20A4B967001A4E5D /* DetailEnergyInfoCell.swift in Sources */ = {isa = PBXBuildFile; fileRef = 0DE4CC1D20A4B967001A4E5D /* DetailEnergyInfoCell.swift */; };
		0DE4CC2020A4B967001A4E5D /* DetailEnergyInfoCell.xib in Resources */ = {isa = PBXBuildFile; fileRef = 0DE4CC1E20A4B967001A4E5D /* DetailEnergyInfoCell.xib */; };
		67EBA7C9C5A378679C9E4924 /* Pods_Water_Energy_Tracker.framework in Frameworks */ = {isa = PBXBuildFile; fileRef = 20DEE1CA70453D331F84E999 /* Pods_Water_Energy_Tracker.framework */; };
/* End PBXBuildFile section */

/* Begin PBXFileReference section */
		0D050A7A20A22339005B95A3 /* MainDeviceCell.swift */ = {isa = PBXFileReference; lastKnownFileType = sourcecode.swift; path = MainDeviceCell.swift; sourceTree = "<group>"; };
		0D050A7B20A22339005B95A3 /* MainDeviceCell.xib */ = {isa = PBXFileReference; lastKnownFileType = file.xib; path = MainDeviceCell.xib; sourceTree = "<group>"; };
		0D050A7E20A22360005B95A3 /* DeviceNameSubCell.swift */ = {isa = PBXFileReference; lastKnownFileType = sourcecode.swift; path = DeviceNameSubCell.swift; sourceTree = "<group>"; };
		0D050A7F20A22360005B95A3 /* DeviceNameSubCell.xib */ = {isa = PBXFileReference; lastKnownFileType = file.xib; path = DeviceNameSubCell.xib; sourceTree = "<group>"; };
		0D050A8220A3E383005B95A3 /* Util.swift */ = {isa = PBXFileReference; lastKnownFileType = sourcecode.swift; path = Util.swift; sourceTree = "<group>"; };
		0D050A8420A3F5F6005B95A3 /* KwhResponse.swift */ = {isa = PBXFileReference; lastKnownFileType = sourcecode.swift; path = KwhResponse.swift; sourceTree = "<group>"; };
		0D4C1A8F21CC33E6001D4D19 /* SolenoidSettingsCell.swift */ = {isa = PBXFileReference; lastKnownFileType = sourcecode.swift; path = SolenoidSettingsCell.swift; sourceTree = "<group>"; };
		0D4C1A9021CC33E6001D4D19 /* SolenoidSettingsCell.xib */ = {isa = PBXFileReference; lastKnownFileType = file.xib; path = SolenoidSettingsCell.xib; sourceTree = "<group>"; };
		0D4C1A9321CC355B001D4D19 /* AdditionalConfigResponse.swift */ = {isa = PBXFileReference; lastKnownFileType = sourcecode.swift; path = AdditionalConfigResponse.swift; sourceTree = "<group>"; };
		0D4C1A9521CC35B8001D4D19 /* AdditionalConfigRequest.swift */ = {isa = PBXFileReference; lastKnownFileType = sourcecode.swift; path = AdditionalConfigRequest.swift; sourceTree = "<group>"; };
		0D4C1A9721CC4D9B001D4D19 /* TimeZoneCell.swift */ = {isa = PBXFileReference; lastKnownFileType = sourcecode.swift; path = TimeZoneCell.swift; sourceTree = "<group>"; };
		0D4C1A9821CC4D9B001D4D19 /* TimeZoneCell.xib */ = {isa = PBXFileReference; lastKnownFileType = file.xib; path = TimeZoneCell.xib; sourceTree = "<group>"; };
		0D5CE13F209541390096CD99 /* DeviceConfiguration.swift */ = {isa = PBXFileReference; lastKnownFileType = sourcecode.swift; path = DeviceConfiguration.swift; sourceTree = "<group>"; };
		0D5CE141209545030096CD99 /* Constants.swift */ = {isa = PBXFileReference; lastKnownFileType = sourcecode.swift; path = Constants.swift; sourceTree = "<group>"; };
		0D5CE1432095479D0096CD99 /* GetDataRequest.swift */ = {isa = PBXFileReference; lastKnownFileType = sourcecode.swift; path = GetDataRequest.swift; sourceTree = "<group>"; };
		0D5CE145209547E20096CD99 /* GetDataResponse.swift */ = {isa = PBXFileReference; lastKnownFileType = sourcecode.swift; path = GetDataResponse.swift; sourceTree = "<group>"; };
		0D5CE148209548140096CD99 /* RemoteDevice.swift */ = {isa = PBXFileReference; lastKnownFileType = sourcecode.swift; path = RemoteDevice.swift; sourceTree = "<group>"; };
		0D5CE14A20954A8C0096CD99 /* RealmDataPoint.swift */ = {isa = PBXFileReference; lastKnownFileType = sourcecode.swift; path = RealmDataPoint.swift; sourceTree = "<group>"; };
		0D5CE14C20954CC80096CD99 /* DataPersistenceManager.swift */ = {isa = PBXFileReference; lastKnownFileType = sourcecode.swift; path = DataPersistenceManager.swift; sourceTree = "<group>"; };
		0D6AA3CF208187CF00194AA5 /* Water Energy Tracker.app */ = {isa = PBXFileReference; explicitFileType = wrapper.application; includeInIndex = 0; path = "Water Energy Tracker.app"; sourceTree = BUILT_PRODUCTS_DIR; };
		0D6AA3D2208187CF00194AA5 /* AppDelegate.swift */ = {isa = PBXFileReference; lastKnownFileType = sourcecode.swift; path = AppDelegate.swift; sourceTree = "<group>"; };
		0D6AA3D4208187CF00194AA5 /* ViewController.swift */ = {isa = PBXFileReference; lastKnownFileType = sourcecode.swift; path = ViewController.swift; sourceTree = "<group>"; };
		0D6AA3D7208187CF00194AA5 /* Base */ = {isa = PBXFileReference; lastKnownFileType = file.storyboard; name = Base; path = Base.lproj/Main.storyboard; sourceTree = "<group>"; };
		0D6AA3D9208187CF00194AA5 /* Assets.xcassets */ = {isa = PBXFileReference; lastKnownFileType = folder.assetcatalog; path = Assets.xcassets; sourceTree = "<group>"; };
		0D6AA3DC208187CF00194AA5 /* Base */ = {isa = PBXFileReference; lastKnownFileType = file.storyboard; name = Base; path = Base.lproj/LaunchScreen.storyboard; sourceTree = "<group>"; };
		0D6AA3DE208187CF00194AA5 /* Info.plist */ = {isa = PBXFileReference; lastKnownFileType = text.plist.xml; path = Info.plist; sourceTree = "<group>"; };
		0D6AA3E9208189A600194AA5 /* SaviorVC.swift */ = {isa = PBXFileReference; lastKnownFileType = sourcecode.swift; path = SaviorVC.swift; sourceTree = "<group>"; };
		0D6AA3EC20818A7B00194AA5 /* MainVC.swift */ = {isa = PBXFileReference; lastKnownFileType = sourcecode.swift; path = MainVC.swift; sourceTree = "<group>"; };
		0D6AA3ED20818A7B00194AA5 /* MainVC.xib */ = {isa = PBXFileReference; lastKnownFileType = file.xib; path = MainVC.xib; sourceTree = "<group>"; };
		0D6AA3F420818C7F00194AA5 /* ManageVC.swift */ = {isa = PBXFileReference; lastKnownFileType = sourcecode.swift; path = ManageVC.swift; sourceTree = "<group>"; };
		0D6AA3F520818C7F00194AA5 /* ManageVC.xib */ = {isa = PBXFileReference; lastKnownFileType = file.xib; path = ManageVC.xib; sourceTree = "<group>"; };
		0D73407E20A8ECFE0098343D /* WindowsAzureMessaging.framework */ = {isa = PBXFileReference; lastKnownFileType = wrapper.framework; path = WindowsAzureMessaging.framework; sourceTree = "<group>"; };
		0D73408020A8EDA80098343D /* Water Energy Tracker-Bridging-Header.h */ = {isa = PBXFileReference; lastKnownFileType = sourcecode.c.h; path = "Water Energy Tracker-Bridging-Header.h"; sourceTree = "<group>"; };
		0D73408420A8EE6F0098343D /* HubInfo.h */ = {isa = PBXFileReference; fileEncoding = 4; lastKnownFileType = sourcecode.c.h; path = HubInfo.h; sourceTree = "<group>"; };
		0D73408720A8FE060098343D /* EnergyPowerUsageChartCell.swift */ = {isa = PBXFileReference; lastKnownFileType = sourcecode.swift; path = EnergyPowerUsageChartCell.swift; sourceTree = "<group>"; };
		0D73408820A8FE060098343D /* EnergyPowerUsageChartCell.xib */ = {isa = PBXFileReference; lastKnownFileType = file.xib; path = EnergyPowerUsageChartCell.xib; sourceTree = "<group>"; };
		0D73408B20A90F830098343D /* HourValueFormatter.swift */ = {isa = PBXFileReference; lastKnownFileType = sourcecode.swift; path = HourValueFormatter.swift; sourceTree = "<group>"; };
		0D73408E20A92F0D0098343D /* WaterIntensityChartCell.swift */ = {isa = PBXFileReference; lastKnownFileType = sourcecode.swift; path = WaterIntensityChartCell.swift; sourceTree = "<group>"; };
		0D73408F20A92F0D0098343D /* WaterIntensityChartCell.xib */ = {isa = PBXFileReference; lastKnownFileType = file.xib; path = WaterIntensityChartCell.xib; sourceTree = "<group>"; };
		0D73409220A9306E0098343D /* TemperatureChartCell.swift */ = {isa = PBXFileReference; lastKnownFileType = sourcecode.swift; path = TemperatureChartCell.swift; sourceTree = "<group>"; };
		0D73409320A9306E0098343D /* TemperatureChartCell.xib */ = {isa = PBXFileReference; lastKnownFileType = file.xib; path = TemperatureChartCell.xib; sourceTree = "<group>"; };
		0D73409620A9F10A0098343D /* NotificationsVC.swift */ = {isa = PBXFileReference; lastKnownFileType = sourcecode.swift; path = NotificationsVC.swift; sourceTree = "<group>"; };
		0D73409720A9F10A0098343D /* NotificationsVC.xib */ = {isa = PBXFileReference; lastKnownFileType = file.xib; path = NotificationsVC.xib; sourceTree = "<group>"; };
		0D73409A20A9F11D0098343D /* DeviceNotificationsVC.swift */ = {isa = PBXFileReference; lastKnownFileType = sourcecode.swift; path = DeviceNotificationsVC.swift; sourceTree = "<group>"; };
		0D73409B20A9F11D0098343D /* DeviceNotificationsVC.xib */ = {isa = PBXFileReference; lastKnownFileType = file.xib; path = DeviceNotificationsVC.xib; sourceTree = "<group>"; };
		0D73409E20A9F4880098343D /* NotificationTopLevelCell.swift */ = {isa = PBXFileReference; lastKnownFileType = sourcecode.swift; path = NotificationTopLevelCell.swift; sourceTree = "<group>"; };
		0D73409F20A9F4880098343D /* NotificationTopLevelCell.xib */ = {isa = PBXFileReference; lastKnownFileType = file.xib; path = NotificationTopLevelCell.xib; sourceTree = "<group>"; };
		0D7340A220A9F4960098343D /* NotificationCell.swift */ = {isa = PBXFileReference; lastKnownFileType = sourcecode.swift; path = NotificationCell.swift; sourceTree = "<group>"; };
		0D7340A320A9F4960098343D /* NotificationCell.xib */ = {isa = PBXFileReference; lastKnownFileType = file.xib; path = NotificationCell.xib; sourceTree = "<group>"; };
		0D7340A620A9F5E90098343D /* NotificationsRequest.swift */ = {isa = PBXFileReference; lastKnownFileType = sourcecode.swift; path = NotificationsRequest.swift; sourceTree = "<group>"; };
		0D7340A820A9F6180098343D /* HistoricalKwhRequest.swift */ = {isa = PBXFileReference; lastKnownFileType = sourcecode.swift; path = HistoricalKwhRequest.swift; sourceTree = "<group>"; };
		0D7340AA20A9F63B0098343D /* SendCommandRequest.swift */ = {isa = PBXFileReference; lastKnownFileType = sourcecode.swift; path = SendCommandRequest.swift; sourceTree = "<group>"; };
		0D7340AC20A9F6470098343D /* CalculateHistoricalRequest.swift */ = {isa = PBXFileReference; lastKnownFileType = sourcecode.swift; path = CalculateHistoricalRequest.swift; sourceTree = "<group>"; };
		0D7340AE20A9F65C0098343D /* CalculateHistoricalResponse.swift */ = {isa = PBXFileReference; lastKnownFileType = sourcecode.swift; path = CalculateHistoricalResponse.swift; sourceTree = "<group>"; };
		0D7340B220A9FE750098343D /* NotificationsResponse.swift */ = {isa = PBXFileReference; lastKnownFileType = sourcecode.swift; path = NotificationsResponse.swift; sourceTree = "<group>"; };
		0D7340B420A9FE930098343D /* Notification.swift */ = {isa = PBXFileReference; lastKnownFileType = sourcecode.swift; path = Notification.swift; sourceTree = "<group>"; };
		0D7340B620AA02640098343D /* GenericResponse.swift */ = {isa = PBXFileReference; lastKnownFileType = sourcecode.swift; path = GenericResponse.swift; sourceTree = "<group>"; };
		0D7340B820AA11B00098343D /* RealmNotification.swift */ = {isa = PBXFileReference; lastKnownFileType = sourcecode.swift; path = RealmNotification.swift; sourceTree = "<group>"; };
		0D7340BA20AA28B70098343D /* Water Energy Tracker.entitlements */ = {isa = PBXFileReference; lastKnownFileType = text.plist.entitlements; path = "Water Energy Tracker.entitlements"; sourceTree = "<group>"; };
		0D7340BE20AA5EA80098343D /* SettingsVC.swift */ = {isa = PBXFileReference; lastKnownFileType = sourcecode.swift; path = SettingsVC.swift; sourceTree = "<group>"; };
		0D7340BF20AA5EA80098343D /* SettingsVC.xib */ = {isa = PBXFileReference; lastKnownFileType = file.xib; path = SettingsVC.xib; sourceTree = "<group>"; };
		0D7340C220AA5EB80098343D /* SettingsSliderCell.swift */ = {isa = PBXFileReference; lastKnownFileType = sourcecode.swift; path = SettingsSliderCell.swift; sourceTree = "<group>"; };
		0D7340C320AA5EB80098343D /* SettingsSliderCell.xib */ = {isa = PBXFileReference; lastKnownFileType = file.xib; path = SettingsSliderCell.xib; sourceTree = "<group>"; };
		0D7340C620ABA8DD0098343D /* SendCommandVC.swift */ = {isa = PBXFileReference; lastKnownFileType = sourcecode.swift; path = SendCommandVC.swift; sourceTree = "<group>"; };
		0D7340C720ABA8DD0098343D /* SendCommandVC.xib */ = {isa = PBXFileReference; lastKnownFileType = file.xib; path = SendCommandVC.xib; sourceTree = "<group>"; };
		0D7340CA20ABB16A0098343D /* HistoryVC.swift */ = {isa = PBXFileReference; lastKnownFileType = sourcecode.swift; path = HistoryVC.swift; sourceTree = "<group>"; };
		0D7340CB20ABB16A0098343D /* HistoryVC.xib */ = {isa = PBXFileReference; lastKnownFileType = file.xib; path = HistoryVC.xib; sourceTree = "<group>"; };
		0D7340CE20ABC93D0098343D /* EnergyUtilityVC.swift */ = {isa = PBXFileReference; lastKnownFileType = sourcecode.swift; path = EnergyUtilityVC.swift; sourceTree = "<group>"; };
		0D7340CF20ABC93D0098343D /* EnergyUtilityVC.xib */ = {isa = PBXFileReference; lastKnownFileType = file.xib; path = EnergyUtilityVC.xib; sourceTree = "<group>"; };
		0D73412D20B4F30D0098343D /* WifiConfigVC.swift */ = {isa = PBXFileReference; lastKnownFileType = sourcecode.swift; path = WifiConfigVC.swift; sourceTree = "<group>"; };
		0D73412E20B4F30D0098343D /* WifiConfigVC.xib */ = {isa = PBXFileReference; lastKnownFileType = file.xib; path = WifiConfigVC.xib; sourceTree = "<group>"; };
		0D7F876A209184AF00378B03 /* RealmSavior.swift */ = {isa = PBXFileReference; lastKnownFileType = sourcecode.swift; path = RealmSavior.swift; sourceTree = "<group>"; };
		0D7F876F20918A2C00378B03 /* GenericRequest.swift */ = {isa = PBXFileReference; lastKnownFileType = sourcecode.swift; path = GenericRequest.swift; sourceTree = "<group>"; };
		0D7F877120918A3A00378B03 /* NamesResponse.swift */ = {isa = PBXFileReference; lastKnownFileType = sourcecode.swift; path = NamesResponse.swift; sourceTree = "<group>"; };
		0D7F877320918A5F00378B03 /* AzureApi.swift */ = {isa = PBXFileReference; lastKnownFileType = sourcecode.swift; path = AzureApi.swift; sourceTree = "<group>"; };
		0D7F877520918ADE00378B03 /* ServerError.swift */ = {isa = PBXFileReference; lastKnownFileType = sourcecode.swift; path = ServerError.swift; sourceTree = "<group>"; };
		0DB78D9B2142E69F00AB60C9 /* DetailWaterFlowInfoCell.swift */ = {isa = PBXFileReference; lastKnownFileType = sourcecode.swift; path = DetailWaterFlowInfoCell.swift; sourceTree = "<group>"; };
		0DB78D9C2142E69F00AB60C9 /* DetailWaterFlowInfoCell.xib */ = {isa = PBXFileReference; lastKnownFileType = file.xib; path = DetailWaterFlowInfoCell.xib; sourceTree = "<group>"; };
		0DB78D9F21434D7E00AB60C9 /* WifiSendDataVC.swift */ = {isa = PBXFileReference; lastKnownFileType = sourcecode.swift; path = WifiSendDataVC.swift; sourceTree = "<group>"; };
		0DB78DA021434D7E00AB60C9 /* WifiSendDataVC.xib */ = {isa = PBXFileReference; lastKnownFileType = file.xib; path = WifiSendDataVC.xib; sourceTree = "<group>"; };
		0DE4CC1520A4B27F001A4E5D /* DetailVC.swift */ = {isa = PBXFileReference; lastKnownFileType = sourcecode.swift; path = DetailVC.swift; sourceTree = "<group>"; };
		0DE4CC1620A4B27F001A4E5D /* DetailVC.xib */ = {isa = PBXFileReference; lastKnownFileType = file.xib; path = DetailVC.xib; sourceTree = "<group>"; };
		0DE4CC1920A4B954001A4E5D /* DetailWaterInfoCell.swift */ = {isa = PBXFileReference; lastKnownFileType = sourcecode.swift; path = DetailWaterInfoCell.swift; sourceTree = "<group>"; };
		0DE4CC1A20A4B954001A4E5D /* DetailWaterInfoCell.xib */ = {isa = PBXFileReference; lastKnownFileType = file.xib; path = DetailWaterInfoCell.xib; sourceTree = "<group>"; };
		0DE4CC1D20A4B967001A4E5D /* DetailEnergyInfoCell.swift */ = {isa = PBXFileReference; lastKnownFileType = sourcecode.swift; path = DetailEnergyInfoCell.swift; sourceTree = "<group>"; };
		0DE4CC1E20A4B967001A4E5D /* DetailEnergyInfoCell.xib */ = {isa = PBXFileReference; lastKnownFileType = file.xib; path = DetailEnergyInfoCell.xib; sourceTree = "<group>"; };
		11A8F7AD65C39486BD704C22 /* Pods-Water Energy Tracker.release.xcconfig */ = {isa = PBXFileReference; includeInIndex = 1; lastKnownFileType = text.xcconfig; name = "Pods-Water Energy Tracker.release.xcconfig"; path = "Pods/Target Support Files/Pods-Water Energy Tracker/Pods-Water Energy Tracker.release.xcconfig"; sourceTree = "<group>"; };
		20DEE1CA70453D331F84E999 /* Pods_Water_Energy_Tracker.framework */ = {isa = PBXFileReference; explicitFileType = wrapper.framework; includeInIndex = 0; path = Pods_Water_Energy_Tracker.framework; sourceTree = BUILT_PRODUCTS_DIR; };
		AD3FC91BDA0BD6793F2068CD /* Pods-Water Energy Tracker.debug.xcconfig */ = {isa = PBXFileReference; includeInIndex = 1; lastKnownFileType = text.xcconfig; name = "Pods-Water Energy Tracker.debug.xcconfig"; path = "Pods/Target Support Files/Pods-Water Energy Tracker/Pods-Water Energy Tracker.debug.xcconfig"; sourceTree = "<group>"; };
/* End PBXFileReference section */

/* Begin PBXFrameworksBuildPhase section */
		0D6AA3CC208187CF00194AA5 /* Frameworks */ = {
			isa = PBXFrameworksBuildPhase;
			buildActionMask = 2147483647;
			files = (
				67EBA7C9C5A378679C9E4924 /* Pods_Water_Energy_Tracker.framework in Frameworks */,
				0D73407F20A8ECFE0098343D /* WindowsAzureMessaging.framework in Frameworks */,
			);
			runOnlyForDeploymentPostprocessing = 0;
		};
/* End PBXFrameworksBuildPhase section */

/* Begin PBXGroup section */
		0D5CE1472095480A0096CD99 /* Objects */ = {
			isa = PBXGroup;
			children = (
				0D5CE148209548140096CD99 /* RemoteDevice.swift */,
				0D7340B420A9FE930098343D /* Notification.swift */,
			);
			path = Objects;
			sourceTree = "<group>";
		};
		0D6AA3C6208187CF00194AA5 = {
			isa = PBXGroup;
			children = (
				0D73407E20A8ECFE0098343D /* WindowsAzureMessaging.framework */,
				0D6AA3D1208187CF00194AA5 /* Water Energy Tracker */,
				0D6AA3D0208187CF00194AA5 /* Products */,
				F5D3F24931D9B7A35635461D /* Pods */,
				D0B20312B188AD2D35D59C53 /* Frameworks */,
			);
			sourceTree = "<group>";
		};
		0D6AA3D0208187CF00194AA5 /* Products */ = {
			isa = PBXGroup;
			children = (
				0D6AA3CF208187CF00194AA5 /* Water Energy Tracker.app */,
			);
			name = Products;
			sourceTree = "<group>";
		};
		0D6AA3D1208187CF00194AA5 /* Water Energy Tracker */ = {
			isa = PBXGroup;
			children = (
				0D7340BA20AA28B70098343D /* Water Energy Tracker.entitlements */,
				0D73408420A8EE6F0098343D /* HubInfo.h */,
				0D6AA3E62081897D00194AA5 /* Classes */,
				0D6AA3D2208187CF00194AA5 /* AppDelegate.swift */,
				0D6AA3D4208187CF00194AA5 /* ViewController.swift */,
				0D6AA3D6208187CF00194AA5 /* Main.storyboard */,
				0D6AA3D9208187CF00194AA5 /* Assets.xcassets */,
				0D6AA3DB208187CF00194AA5 /* LaunchScreen.storyboard */,
				0D6AA3DE208187CF00194AA5 /* Info.plist */,
			);
			path = "Water Energy Tracker";
			sourceTree = "<group>";
		};
		0D6AA3E62081897D00194AA5 /* Classes */ = {
			isa = PBXGroup;
			children = (
				0D7F876C209189FE00378B03 /* API */,
				0D7F87692091849700378B03 /* Persistent */,
				0D6AA3E72081898400194AA5 /* UI */,
			);
			path = Classes;
			sourceTree = "<group>";
		};
		0D6AA3E72081898400194AA5 /* UI */ = {
			isa = PBXGroup;
			children = (
				0D7340BD20AA5DB50098343D /* Utility */,
				0D7340BC20AA5D9E0098343D /* History */,
				0D7340BB20AA5D950098343D /* Settings */,
				0DE4CC1420A4B265001A4E5D /* Detail */,
				0D6AA3F320818C6E00194AA5 /* Manage */,
				0D6AA3F220818C6700194AA5 /* Notifications */,
				0D6AA3EB20818A6800194AA5 /* Main */,
				0D6AA3E82081898E00194AA5 /* Common */,
			);
			path = UI;
			sourceTree = "<group>";
		};
		0D6AA3E82081898E00194AA5 /* Common */ = {
			isa = PBXGroup;
			children = (
				0D6AA3E9208189A600194AA5 /* SaviorVC.swift */,
				0D5CE141209545030096CD99 /* Constants.swift */,
				0D050A8220A3E383005B95A3 /* Util.swift */,
				0D73408020A8EDA80098343D /* Water Energy Tracker-Bridging-Header.h */,
			);
			path = Common;
			sourceTree = "<group>";
		};
		0D6AA3EB20818A6800194AA5 /* Main */ = {
			isa = PBXGroup;
			children = (
				0D6AA3EC20818A7B00194AA5 /* MainVC.swift */,
				0D6AA3ED20818A7B00194AA5 /* MainVC.xib */,
				0D050A7A20A22339005B95A3 /* MainDeviceCell.swift */,
				0D050A7B20A22339005B95A3 /* MainDeviceCell.xib */,
				0D050A7E20A22360005B95A3 /* DeviceNameSubCell.swift */,
				0D050A7F20A22360005B95A3 /* DeviceNameSubCell.xib */,
			);
			path = Main;
			sourceTree = "<group>";
		};
		0D6AA3F220818C6700194AA5 /* Notifications */ = {
			isa = PBXGroup;
			children = (
				0D73409620A9F10A0098343D /* NotificationsVC.swift */,
				0D73409720A9F10A0098343D /* NotificationsVC.xib */,
				0D73409A20A9F11D0098343D /* DeviceNotificationsVC.swift */,
				0D73409B20A9F11D0098343D /* DeviceNotificationsVC.xib */,
				0D73409E20A9F4880098343D /* NotificationTopLevelCell.swift */,
				0D73409F20A9F4880098343D /* NotificationTopLevelCell.xib */,
				0D7340A220A9F4960098343D /* NotificationCell.swift */,
				0D7340A320A9F4960098343D /* NotificationCell.xib */,
			);
			path = Notifications;
			sourceTree = "<group>";
		};
		0D6AA3F320818C6E00194AA5 /* Manage */ = {
			isa = PBXGroup;
			children = (
				0D73412D20B4F30D0098343D /* WifiConfigVC.swift */,
				0D73412E20B4F30D0098343D /* WifiConfigVC.xib */,
				0D6AA3F420818C7F00194AA5 /* ManageVC.swift */,
				0D6AA3F520818C7F00194AA5 /* ManageVC.xib */,
				0D7340C620ABA8DD0098343D /* SendCommandVC.swift */,
				0D7340C720ABA8DD0098343D /* SendCommandVC.xib */,
				0DB78D9F21434D7E00AB60C9 /* WifiSendDataVC.swift */,
				0DB78DA021434D7E00AB60C9 /* WifiSendDataVC.xib */,
			);
			path = Manage;
			sourceTree = "<group>";
		};
		0D73408620A8FDE70098343D /* Charts */ = {
			isa = PBXGroup;
			children = (
				0D73408720A8FE060098343D /* EnergyPowerUsageChartCell.swift */,
				0D73408820A8FE060098343D /* EnergyPowerUsageChartCell.xib */,
				0D73408B20A90F830098343D /* HourValueFormatter.swift */,
				0D73408E20A92F0D0098343D /* WaterIntensityChartCell.swift */,
				0D73408F20A92F0D0098343D /* WaterIntensityChartCell.xib */,
				0D73409220A9306E0098343D /* TemperatureChartCell.swift */,
				0D73409320A9306E0098343D /* TemperatureChartCell.xib */,
			);
			path = Charts;
			sourceTree = "<group>";
		};
		0D7340BB20AA5D950098343D /* Settings */ = {
			isa = PBXGroup;
			children = (
				0D7340BE20AA5EA80098343D /* SettingsVC.swift */,
				0D7340BF20AA5EA80098343D /* SettingsVC.xib */,
				0D7340C220AA5EB80098343D /* SettingsSliderCell.swift */,
				0D7340C320AA5EB80098343D /* SettingsSliderCell.xib */,
				0D4C1A8F21CC33E6001D4D19 /* SolenoidSettingsCell.swift */,
				0D4C1A9021CC33E6001D4D19 /* SolenoidSettingsCell.xib */,
				0D4C1A9721CC4D9B001D4D19 /* TimeZoneCell.swift */,
				0D4C1A9821CC4D9B001D4D19 /* TimeZoneCell.xib */,
			);
			path = Settings;
			sourceTree = "<group>";
		};
		0D7340BC20AA5D9E0098343D /* History */ = {
			isa = PBXGroup;
			children = (
				0D7340CA20ABB16A0098343D /* HistoryVC.swift */,
				0D7340CB20ABB16A0098343D /* HistoryVC.xib */,
			);
			path = History;
			sourceTree = "<group>";
		};
		0D7340BD20AA5DB50098343D /* Utility */ = {
			isa = PBXGroup;
			children = (
				0D7340CE20ABC93D0098343D /* EnergyUtilityVC.swift */,
				0D7340CF20ABC93D0098343D /* EnergyUtilityVC.xib */,
			);
			path = Utility;
			sourceTree = "<group>";
		};
		0D7F87692091849700378B03 /* Persistent */ = {
			isa = PBXGroup;
			children = (
				0D7F876A209184AF00378B03 /* RealmSavior.swift */,
				0D5CE14A20954A8C0096CD99 /* RealmDataPoint.swift */,
				0D5CE14C20954CC80096CD99 /* DataPersistenceManager.swift */,
				0D7340B820AA11B00098343D /* RealmNotification.swift */,
			);
			path = Persistent;
			sourceTree = "<group>";
		};
		0D7F876C209189FE00378B03 /* API */ = {
			isa = PBXGroup;
			children = (
				0D5CE1472095480A0096CD99 /* Objects */,
				0D7F876E20918A1700378B03 /* Response */,
				0D7F876D20918A1000378B03 /* Request */,
				0D7F877320918A5F00378B03 /* AzureApi.swift */,
				0D7F877520918ADE00378B03 /* ServerError.swift */,
			);
			path = API;
			sourceTree = "<group>";
		};
		0D7F876D20918A1000378B03 /* Request */ = {
			isa = PBXGroup;
			children = (
				0D7F876F20918A2C00378B03 /* GenericRequest.swift */,
				0D5CE1432095479D0096CD99 /* GetDataRequest.swift */,
				0D7340A620A9F5E90098343D /* NotificationsRequest.swift */,
				0D7340A820A9F6180098343D /* HistoricalKwhRequest.swift */,
				0D7340AA20A9F63B0098343D /* SendCommandRequest.swift */,
				0D7340AC20A9F6470098343D /* CalculateHistoricalRequest.swift */,
				0D4C1A9521CC35B8001D4D19 /* AdditionalConfigRequest.swift */,
			);
			path = Request;
			sourceTree = "<group>";
		};
		0D7F876E20918A1700378B03 /* Response */ = {
			isa = PBXGroup;
			children = (
				0D7F877120918A3A00378B03 /* NamesResponse.swift */,
				0D5CE13F209541390096CD99 /* DeviceConfiguration.swift */,
				0D5CE145209547E20096CD99 /* GetDataResponse.swift */,
				0D050A8420A3F5F6005B95A3 /* KwhResponse.swift */,
				0D7340AE20A9F65C0098343D /* CalculateHistoricalResponse.swift */,
				0D7340B220A9FE750098343D /* NotificationsResponse.swift */,
				0D7340B620AA02640098343D /* GenericResponse.swift */,
				0D4C1A9321CC355B001D4D19 /* AdditionalConfigResponse.swift */,
			);
			path = Response;
			sourceTree = "<group>";
		};
		0DE4CC1420A4B265001A4E5D /* Detail */ = {
			isa = PBXGroup;
			children = (
				0D73408620A8FDE70098343D /* Charts */,
				0DE4CC1520A4B27F001A4E5D /* DetailVC.swift */,
				0DE4CC1620A4B27F001A4E5D /* DetailVC.xib */,
				0DE4CC1920A4B954001A4E5D /* DetailWaterInfoCell.swift */,
				0DE4CC1A20A4B954001A4E5D /* DetailWaterInfoCell.xib */,
				0DE4CC1D20A4B967001A4E5D /* DetailEnergyInfoCell.swift */,
				0DE4CC1E20A4B967001A4E5D /* DetailEnergyInfoCell.xib */,
				0DB78D9B2142E69F00AB60C9 /* DetailWaterFlowInfoCell.swift */,
				0DB78D9C2142E69F00AB60C9 /* DetailWaterFlowInfoCell.xib */,
			);
			path = Detail;
			sourceTree = "<group>";
		};
		D0B20312B188AD2D35D59C53 /* Frameworks */ = {
			isa = PBXGroup;
			children = (
				20DEE1CA70453D331F84E999 /* Pods_Water_Energy_Tracker.framework */,
			);
			name = Frameworks;
			sourceTree = "<group>";
		};
		F5D3F24931D9B7A35635461D /* Pods */ = {
			isa = PBXGroup;
			children = (
				AD3FC91BDA0BD6793F2068CD /* Pods-Water Energy Tracker.debug.xcconfig */,
				11A8F7AD65C39486BD704C22 /* Pods-Water Energy Tracker.release.xcconfig */,
			);
			name = Pods;
			sourceTree = "<group>";
		};
/* End PBXGroup section */

/* Begin PBXNativeTarget section */
		0D6AA3CE208187CF00194AA5 /* Water Energy Tracker */ = {
			isa = PBXNativeTarget;
			buildConfigurationList = 0D6AA3E1208187CF00194AA5 /* Build configuration list for PBXNativeTarget "Water Energy Tracker" */;
			buildPhases = (
				EDFC8DD8046CE4780BA891DF /* [CP] Check Pods Manifest.lock */,
				0D6AA3CB208187CF00194AA5 /* Sources */,
				0D6AA3CC208187CF00194AA5 /* Frameworks */,
				0D6AA3CD208187CF00194AA5 /* Resources */,
				017577C42BD9415E19FEAB2A /* [CP] Embed Pods Frameworks */,
				0D7340D220ABD9AD0098343D /* ShellScript */,
			);
			buildRules = (
			);
			dependencies = (
			);
			name = "Water Energy Tracker";
			productName = "Water Energy Tracker";
			productReference = 0D6AA3CF208187CF00194AA5 /* Water Energy Tracker.app */;
			productType = "com.apple.product-type.application";
		};
/* End PBXNativeTarget section */

/* Begin PBXProject section */
		0D6AA3C7208187CF00194AA5 /* Project object */ = {
			isa = PBXProject;
			attributes = {
				LastSwiftUpdateCheck = 0920;
				LastUpgradeCheck = 0920;
				ORGANIZATIONNAME = "Coconut Tree Software, Inc.";
				TargetAttributes = {
					0D6AA3CE208187CF00194AA5 = {
						CreatedOnToolsVersion = 9.2;
						LastSwiftMigration = 0920;
						ProvisioningStyle = Automatic;
						SystemCapabilities = {
							com.apple.AccessWiFi = {
								enabled = 1;
							};
							com.apple.Push = {
								enabled = 1;
							};
						};
					};
				};
			};
			buildConfigurationList = 0D6AA3CA208187CF00194AA5 /* Build configuration list for PBXProject "Water Energy Tracker" */;
			compatibilityVersion = "Xcode 8.0";
			developmentRegion = en;
			hasScannedForEncodings = 0;
			knownRegions = (
				en,
				Base,
			);
			mainGroup = 0D6AA3C6208187CF00194AA5;
			productRefGroup = 0D6AA3D0208187CF00194AA5 /* Products */;
			projectDirPath = "";
			projectRoot = "";
			targets = (
				0D6AA3CE208187CF00194AA5 /* Water Energy Tracker */,
			);
		};
/* End PBXProject section */

/* Begin PBXResourcesBuildPhase section */
		0D6AA3CD208187CF00194AA5 /* Resources */ = {
			isa = PBXResourcesBuildPhase;
			buildActionMask = 2147483647;
			files = (
				0D73409120A92F0D0098343D /* WaterIntensityChartCell.xib in Resources */,
				0D6AA3DD208187CF00194AA5 /* LaunchScreen.storyboard in Resources */,
				0DE4CC1820A4B27F001A4E5D /* DetailVC.xib in Resources */,
				0D7340CD20ABB16A0098343D /* HistoryVC.xib in Resources */,
				0D73409520A9306E0098343D /* TemperatureChartCell.xib in Resources */,
				0D73408A20A8FE060098343D /* EnergyPowerUsageChartCell.xib in Resources */,
				0DE4CC2020A4B967001A4E5D /* DetailEnergyInfoCell.xib in Resources */,
				0D4C1A9221CC33E6001D4D19 /* SolenoidSettingsCell.xib in Resources */,
				0D050A8120A22360005B95A3 /* DeviceNameSubCell.xib in Resources */,
				0D4C1A9A21CC4D9B001D4D19 /* TimeZoneCell.xib in Resources */,
				0D6AA3EF20818A7B00194AA5 /* MainVC.xib in Resources */,
				0D7340D120ABC93D0098343D /* EnergyUtilityVC.xib in Resources */,
				0D6AA3F720818C7F00194AA5 /* ManageVC.xib in Resources */,
				0D6AA3DA208187CF00194AA5 /* Assets.xcassets in Resources */,
				0D7340A520A9F4960098343D /* NotificationCell.xib in Resources */,
				0D050A7D20A22339005B95A3 /* MainDeviceCell.xib in Resources */,
				0DB78D9E2142E69F00AB60C9 /* DetailWaterFlowInfoCell.xib in Resources */,
				0DB78DA221434D7E00AB60C9 /* WifiSendDataVC.xib in Resources */,
				0D6AA3D8208187CF00194AA5 /* Main.storyboard in Resources */,
				0DE4CC1C20A4B954001A4E5D /* DetailWaterInfoCell.xib in Resources */,
				0D7340C520AA5EB80098343D /* SettingsSliderCell.xib in Resources */,
				0D73409920A9F10A0098343D /* NotificationsVC.xib in Resources */,
				0D7340C920ABA8DE0098343D /* SendCommandVC.xib in Resources */,
				0D7340C120AA5EA80098343D /* SettingsVC.xib in Resources */,
				0D73413020B4F30D0098343D /* WifiConfigVC.xib in Resources */,
				0D73409D20A9F11D0098343D /* DeviceNotificationsVC.xib in Resources */,
				0D7340A120A9F4880098343D /* NotificationTopLevelCell.xib in Resources */,
			);
			runOnlyForDeploymentPostprocessing = 0;
		};
/* End PBXResourcesBuildPhase section */

/* Begin PBXShellScriptBuildPhase section */
		017577C42BD9415E19FEAB2A /* [CP] Embed Pods Frameworks */ = {
			isa = PBXShellScriptBuildPhase;
			buildActionMask = 2147483647;
			files = (
			);
			inputPaths = (
				"${PODS_ROOT}/Target Support Files/Pods-Water Energy Tracker/Pods-Water Energy Tracker-frameworks.sh",
				"${BUILT_PRODUCTS_DIR}/Alamofire/Alamofire.framework",
				"${BUILT_PRODUCTS_DIR}/AlamofireNetworkActivityLogger/AlamofireNetworkActivityLogger.framework",
				"${BUILT_PRODUCTS_DIR}/AlamofireObjectMapper/AlamofireObjectMapper.framework",
				"${BUILT_PRODUCTS_DIR}/Charts/Charts.framework",
				"${BUILT_PRODUCTS_DIR}/D2PDatePicker/D2PDatePicker.framework",
				"${BUILT_PRODUCTS_DIR}/DatePickerDialog/DatePickerDialog.framework",
				"${BUILT_PRODUCTS_DIR}/DateTimePicker/DateTimePicker.framework",
				"${BUILT_PRODUCTS_DIR}/IQKeyboardManagerSwift/IQKeyboardManagerSwift.framework",
				"${BUILT_PRODUCTS_DIR}/Kingfisher/Kingfisher.framework",
				"${BUILT_PRODUCTS_DIR}/MBProgressHUD/MBProgressHUD.framework",
				"${BUILT_PRODUCTS_DIR}/ObjectMapper/ObjectMapper.framework",
				"${BUILT_PRODUCTS_DIR}/ReachabilitySwift/ReachabilitySwift.framework",
				"${BUILT_PRODUCTS_DIR}/Realm/Realm.framework",
				"${BUILT_PRODUCTS_DIR}/RealmSwift/RealmSwift.framework",
				"${BUILT_PRODUCTS_DIR}/SwiftyBluetooth/SwiftyBluetooth.framework",
				"${BUILT_PRODUCTS_DIR}/SwiftyJSON/SwiftyJSON.framework",
			);
			name = "[CP] Embed Pods Frameworks";
			outputPaths = (
				"${TARGET_BUILD_DIR}/${FRAMEWORKS_FOLDER_PATH}/Alamofire.framework",
				"${TARGET_BUILD_DIR}/${FRAMEWORKS_FOLDER_PATH}/AlamofireNetworkActivityLogger.framework",
				"${TARGET_BUILD_DIR}/${FRAMEWORKS_FOLDER_PATH}/AlamofireObjectMapper.framework",
				"${TARGET_BUILD_DIR}/${FRAMEWORKS_FOLDER_PATH}/Charts.framework",
				"${TARGET_BUILD_DIR}/${FRAMEWORKS_FOLDER_PATH}/D2PDatePicker.framework",
				"${TARGET_BUILD_DIR}/${FRAMEWORKS_FOLDER_PATH}/DatePickerDialog.framework",
				"${TARGET_BUILD_DIR}/${FRAMEWORKS_FOLDER_PATH}/DateTimePicker.framework",
				"${TARGET_BUILD_DIR}/${FRAMEWORKS_FOLDER_PATH}/IQKeyboardManagerSwift.framework",
				"${TARGET_BUILD_DIR}/${FRAMEWORKS_FOLDER_PATH}/Kingfisher.framework",
				"${TARGET_BUILD_DIR}/${FRAMEWORKS_FOLDER_PATH}/MBProgressHUD.framework",
				"${TARGET_BUILD_DIR}/${FRAMEWORKS_FOLDER_PATH}/ObjectMapper.framework",
				"${TARGET_BUILD_DIR}/${FRAMEWORKS_FOLDER_PATH}/ReachabilitySwift.framework",
				"${TARGET_BUILD_DIR}/${FRAMEWORKS_FOLDER_PATH}/Realm.framework",
				"${TARGET_BUILD_DIR}/${FRAMEWORKS_FOLDER_PATH}/RealmSwift.framework",
				"${TARGET_BUILD_DIR}/${FRAMEWORKS_FOLDER_PATH}/SwiftyBluetooth.framework",
				"${TARGET_BUILD_DIR}/${FRAMEWORKS_FOLDER_PATH}/SwiftyJSON.framework",
			);
			runOnlyForDeploymentPostprocessing = 0;
			shellPath = /bin/sh;
			shellScript = "\"${PODS_ROOT}/Target Support Files/Pods-Water Energy Tracker/Pods-Water Energy Tracker-frameworks.sh\"\n";
			showEnvVarsInLog = 0;
		};
		0D7340D220ABD9AD0098343D /* ShellScript */ = {
			isa = PBXShellScriptBuildPhase;
			buildActionMask = 2147483647;
			files = (
			);
			inputPaths = (
			);
			outputPaths = (
			);
			runOnlyForDeploymentPostprocessing = 0;
			shellPath = /bin/sh;
			shellScript = "\"${PODS_ROOT}/Fabric/run\" 73ee240f257350c355a2f3d0475f5a4c518f10f5 f020130c134290f8a6369d33cec515fa705f56cec4192a227d08702e1f64f464";
		};
		EDFC8DD8046CE4780BA891DF /* [CP] Check Pods Manifest.lock */ = {
			isa = PBXShellScriptBuildPhase;
			buildActionMask = 2147483647;
			files = (
			);
			inputPaths = (
				"${PODS_PODFILE_DIR_PATH}/Podfile.lock",
				"${PODS_ROOT}/Manifest.lock",
			);
			name = "[CP] Check Pods Manifest.lock";
			outputPaths = (
				"$(DERIVED_FILE_DIR)/Pods-Water Energy Tracker-checkManifestLockResult.txt",
			);
			runOnlyForDeploymentPostprocessing = 0;
			shellPath = /bin/sh;
			shellScript = "diff \"${PODS_PODFILE_DIR_PATH}/Podfile.lock\" \"${PODS_ROOT}/Manifest.lock\" > /dev/null\nif [ $? != 0 ] ; then\n    # print error to STDERR\n    echo \"error: The sandbox is not in sync with the Podfile.lock. Run 'pod install' or update your CocoaPods installation.\" >&2\n    exit 1\nfi\n# This output is used by Xcode 'outputs' to avoid re-running this script phase.\necho \"SUCCESS\" > \"${SCRIPT_OUTPUT_FILE_0}\"\n";
			showEnvVarsInLog = 0;
		};
/* End PBXShellScriptBuildPhase section */

/* Begin PBXSourcesBuildPhase section */
		0D6AA3CB208187CF00194AA5 /* Sources */ = {
			isa = PBXSourcesBuildPhase;
			buildActionMask = 2147483647;
			files = (
				0D73408C20A90F830098343D /* HourValueFormatter.swift in Sources */,
				0D6AA3D5208187CF00194AA5 /* ViewController.swift in Sources */,
				0D4C1A9921CC4D9B001D4D19 /* TimeZoneCell.swift in Sources */,
				0D5CE146209547E20096CD99 /* GetDataResponse.swift in Sources */,
				0D7340B320A9FE750098343D /* NotificationsResponse.swift in Sources */,
				0D7F877220918A3A00378B03 /* NamesResponse.swift in Sources */,
				0D5CE140209541390096CD99 /* DeviceConfiguration.swift in Sources */,
				0D73408920A8FE060098343D /* EnergyPowerUsageChartCell.swift in Sources */,
				0D73412F20B4F30D0098343D /* WifiConfigVC.swift in Sources */,
				0D050A7C20A22339005B95A3 /* MainDeviceCell.swift in Sources */,
				0D7340C820ABA8DE0098343D /* SendCommandVC.swift in Sources */,
				0D5CE14B20954A8C0096CD99 /* RealmDataPoint.swift in Sources */,
				0D4C1A9121CC33E6001D4D19 /* SolenoidSettingsCell.swift in Sources */,
				0DE4CC1F20A4B967001A4E5D /* DetailEnergyInfoCell.swift in Sources */,
				0D7F877020918A2C00378B03 /* GenericRequest.swift in Sources */,
				0D050A8320A3E383005B95A3 /* Util.swift in Sources */,
				0D6AA3EE20818A7B00194AA5 /* MainVC.swift in Sources */,
				0D6AA3D3208187CF00194AA5 /* AppDelegate.swift in Sources */,
				0D7340A720A9F5E90098343D /* NotificationsRequest.swift in Sources */,
				0D7340CC20ABB16A0098343D /* HistoryVC.swift in Sources */,
				0DB78D9D2142E69F00AB60C9 /* DetailWaterFlowInfoCell.swift in Sources */,
				0D73409420A9306E0098343D /* TemperatureChartCell.swift in Sources */,
				0D5CE1442095479D0096CD99 /* GetDataRequest.swift in Sources */,
				0D5CE14D20954CC80096CD99 /* DataPersistenceManager.swift in Sources */,
				0D7F877620918ADE00378B03 /* ServerError.swift in Sources */,
				0D7340AF20A9F65C0098343D /* CalculateHistoricalResponse.swift in Sources */,
				0D7340B720AA02640098343D /* GenericResponse.swift in Sources */,
				0D7340B520A9FE930098343D /* Notification.swift in Sources */,
				0DE4CC1720A4B27F001A4E5D /* DetailVC.swift in Sources */,
				0D4C1A9621CC35B8001D4D19 /* AdditionalConfigRequest.swift in Sources */,
				0D4C1A9421CC355B001D4D19 /* AdditionalConfigResponse.swift in Sources */,
				0D7340D020ABC93D0098343D /* EnergyUtilityVC.swift in Sources */,
				0D7F877420918A5F00378B03 /* AzureApi.swift in Sources */,
				0D050A8020A22360005B95A3 /* DeviceNameSubCell.swift in Sources */,
				0D7340A020A9F4880098343D /* NotificationTopLevelCell.swift in Sources */,
				0D73409020A92F0D0098343D /* WaterIntensityChartCell.swift in Sources */,
				0D73409C20A9F11D0098343D /* DeviceNotificationsVC.swift in Sources */,
				0D7F876B209184AF00378B03 /* RealmSavior.swift in Sources */,
				0D7340A420A9F4960098343D /* NotificationCell.swift in Sources */,
				0D5CE149209548140096CD99 /* RemoteDevice.swift in Sources */,
				0D7340B920AA11B00098343D /* RealmNotification.swift in Sources */,
				0D6AA3EA208189A600194AA5 /* SaviorVC.swift in Sources */,
				0DE4CC1B20A4B954001A4E5D /* DetailWaterInfoCell.swift in Sources */,
				0D6AA3F620818C7F00194AA5 /* ManageVC.swift in Sources */,
				0DB78DA121434D7E00AB60C9 /* WifiSendDataVC.swift in Sources */,
				0D7340A920A9F6180098343D /* HistoricalKwhRequest.swift in Sources */,
				0D73409820A9F10A0098343D /* NotificationsVC.swift in Sources */,
				0D7340C420AA5EB80098343D /* SettingsSliderCell.swift in Sources */,
				0D7340AD20A9F6470098343D /* CalculateHistoricalRequest.swift in Sources */,
				0D7340AB20A9F63B0098343D /* SendCommandRequest.swift in Sources */,
				0D5CE142209545030096CD99 /* Constants.swift in Sources */,
				0D050A8520A3F5F6005B95A3 /* KwhResponse.swift in Sources */,
				0D7340C020AA5EA80098343D /* SettingsVC.swift in Sources */,
			);
			runOnlyForDeploymentPostprocessing = 0;
		};
/* End PBXSourcesBuildPhase section */

/* Begin PBXVariantGroup section */
		0D6AA3D6208187CF00194AA5 /* Main.storyboard */ = {
			isa = PBXVariantGroup;
			children = (
				0D6AA3D7208187CF00194AA5 /* Base */,
			);
			name = Main.storyboard;
			sourceTree = "<group>";
		};
		0D6AA3DB208187CF00194AA5 /* LaunchScreen.storyboard */ = {
			isa = PBXVariantGroup;
			children = (
				0D6AA3DC208187CF00194AA5 /* Base */,
			);
			name = LaunchScreen.storyboard;
			sourceTree = "<group>";
		};
/* End PBXVariantGroup section */

/* Begin XCBuildConfiguration section */
		0D6AA3DF208187CF00194AA5 /* Debug */ = {
			isa = XCBuildConfiguration;
			buildSettings = {
				ALWAYS_SEARCH_USER_PATHS = NO;
				CLANG_ANALYZER_NONNULL = YES;
				CLANG_ANALYZER_NUMBER_OBJECT_CONVERSION = YES_AGGRESSIVE;
				CLANG_CXX_LANGUAGE_STANDARD = "gnu++14";
				CLANG_CXX_LIBRARY = "libc++";
				CLANG_ENABLE_MODULES = YES;
				CLANG_ENABLE_OBJC_ARC = YES;
				CLANG_WARN_BLOCK_CAPTURE_AUTORELEASING = YES;
				CLANG_WARN_BOOL_CONVERSION = YES;
				CLANG_WARN_COMMA = YES;
				CLANG_WARN_CONSTANT_CONVERSION = YES;
				CLANG_WARN_DIRECT_OBJC_ISA_USAGE = YES_ERROR;
				CLANG_WARN_DOCUMENTATION_COMMENTS = YES;
				CLANG_WARN_EMPTY_BODY = YES;
				CLANG_WARN_ENUM_CONVERSION = YES;
				CLANG_WARN_INFINITE_RECURSION = YES;
				CLANG_WARN_INT_CONVERSION = YES;
				CLANG_WARN_NON_LITERAL_NULL_CONVERSION = YES;
				CLANG_WARN_OBJC_LITERAL_CONVERSION = YES;
				CLANG_WARN_OBJC_ROOT_CLASS = YES_ERROR;
				CLANG_WARN_RANGE_LOOP_ANALYSIS = YES;
				CLANG_WARN_STRICT_PROTOTYPES = YES;
				CLANG_WARN_SUSPICIOUS_MOVE = YES;
				CLANG_WARN_UNGUARDED_AVAILABILITY = YES_AGGRESSIVE;
				CLANG_WARN_UNREACHABLE_CODE = YES;
				CLANG_WARN__DUPLICATE_METHOD_MATCH = YES;
				CODE_SIGN_IDENTITY = "iPhone Developer";
				COPY_PHASE_STRIP = NO;
				DEBUG_INFORMATION_FORMAT = dwarf;
				ENABLE_STRICT_OBJC_MSGSEND = YES;
				ENABLE_TESTABILITY = YES;
				GCC_C_LANGUAGE_STANDARD = gnu11;
				GCC_DYNAMIC_NO_PIC = NO;
				GCC_NO_COMMON_BLOCKS = YES;
				GCC_OPTIMIZATION_LEVEL = 0;
				GCC_PREPROCESSOR_DEFINITIONS = (
					"DEBUG=1",
					"$(inherited)",
				);
				GCC_WARN_64_TO_32_BIT_CONVERSION = YES;
				GCC_WARN_ABOUT_RETURN_TYPE = YES_ERROR;
				GCC_WARN_UNDECLARED_SELECTOR = YES;
				GCC_WARN_UNINITIALIZED_AUTOS = YES_AGGRESSIVE;
				GCC_WARN_UNUSED_FUNCTION = YES;
				GCC_WARN_UNUSED_VARIABLE = YES;
				IPHONEOS_DEPLOYMENT_TARGET = 11.2;
				MTL_ENABLE_DEBUG_INFO = YES;
				ONLY_ACTIVE_ARCH = YES;
				SDKROOT = iphoneos;
				SWIFT_ACTIVE_COMPILATION_CONDITIONS = DEBUG;
				SWIFT_OPTIMIZATION_LEVEL = "-Onone";
			};
			name = Debug;
		};
		0D6AA3E0208187CF00194AA5 /* Release */ = {
			isa = XCBuildConfiguration;
			buildSettings = {
				ALWAYS_SEARCH_USER_PATHS = NO;
				CLANG_ANALYZER_NONNULL = YES;
				CLANG_ANALYZER_NUMBER_OBJECT_CONVERSION = YES_AGGRESSIVE;
				CLANG_CXX_LANGUAGE_STANDARD = "gnu++14";
				CLANG_CXX_LIBRARY = "libc++";
				CLANG_ENABLE_MODULES = YES;
				CLANG_ENABLE_OBJC_ARC = YES;
				CLANG_WARN_BLOCK_CAPTURE_AUTORELEASING = YES;
				CLANG_WARN_BOOL_CONVERSION = YES;
				CLANG_WARN_COMMA = YES;
				CLANG_WARN_CONSTANT_CONVERSION = YES;
				CLANG_WARN_DIRECT_OBJC_ISA_USAGE = YES_ERROR;
				CLANG_WARN_DOCUMENTATION_COMMENTS = YES;
				CLANG_WARN_EMPTY_BODY = YES;
				CLANG_WARN_ENUM_CONVERSION = YES;
				CLANG_WARN_INFINITE_RECURSION = YES;
				CLANG_WARN_INT_CONVERSION = YES;
				CLANG_WARN_NON_LITERAL_NULL_CONVERSION = YES;
				CLANG_WARN_OBJC_LITERAL_CONVERSION = YES;
				CLANG_WARN_OBJC_ROOT_CLASS = YES_ERROR;
				CLANG_WARN_RANGE_LOOP_ANALYSIS = YES;
				CLANG_WARN_STRICT_PROTOTYPES = YES;
				CLANG_WARN_SUSPICIOUS_MOVE = YES;
				CLANG_WARN_UNGUARDED_AVAILABILITY = YES_AGGRESSIVE;
				CLANG_WARN_UNREACHABLE_CODE = YES;
				CLANG_WARN__DUPLICATE_METHOD_MATCH = YES;
				CODE_SIGN_IDENTITY = "iPhone Developer";
				COPY_PHASE_STRIP = NO;
				DEBUG_INFORMATION_FORMAT = "dwarf-with-dsym";
				ENABLE_NS_ASSERTIONS = NO;
				ENABLE_STRICT_OBJC_MSGSEND = YES;
				GCC_C_LANGUAGE_STANDARD = gnu11;
				GCC_NO_COMMON_BLOCKS = YES;
				GCC_WARN_64_TO_32_BIT_CONVERSION = YES;
				GCC_WARN_ABOUT_RETURN_TYPE = YES_ERROR;
				GCC_WARN_UNDECLARED_SELECTOR = YES;
				GCC_WARN_UNINITIALIZED_AUTOS = YES_AGGRESSIVE;
				GCC_WARN_UNUSED_FUNCTION = YES;
				GCC_WARN_UNUSED_VARIABLE = YES;
				IPHONEOS_DEPLOYMENT_TARGET = 11.2;
				MTL_ENABLE_DEBUG_INFO = NO;
				SDKROOT = iphoneos;
				SWIFT_OPTIMIZATION_LEVEL = "-Owholemodule";
				VALIDATE_PRODUCT = YES;
			};
			name = Release;
		};
		0D6AA3E2208187CF00194AA5 /* Debug */ = {
			isa = XCBuildConfiguration;
			baseConfigurationReference = AD3FC91BDA0BD6793F2068CD /* Pods-Water Energy Tracker.debug.xcconfig */;
			buildSettings = {
				ASSETCATALOG_COMPILER_APPICON_NAME = AppIcon;
				CLANG_ENABLE_MODULES = YES;
				CODE_SIGN_ENTITLEMENTS = "Water Energy Tracker/Water Energy Tracker.entitlements";
				CODE_SIGN_STYLE = Automatic;
				DEVELOPMENT_TEAM = MR9FEBC46L;
				ENABLE_BITCODE = NO;
				FRAMEWORK_SEARCH_PATHS = (
					"$(inherited)",
					"$(PROJECT_DIR)",
				);
				INFOPLIST_FILE = "Water Energy Tracker/Info.plist";
				IPHONEOS_DEPLOYMENT_TARGET = 10.3;
				LD_RUNPATH_SEARCH_PATHS = "$(inherited) @executable_path/Frameworks";
				PRODUCT_BUNDLE_IDENTIFIER = "com.savior.Water-Energy-Tracker2";
				PRODUCT_NAME = "$(TARGET_NAME)";
				SWIFT_OBJC_BRIDGING_HEADER = "Water Energy Tracker/Classes/UI/Common/Water Energy Tracker-Bridging-Header.h";
				SWIFT_OPTIMIZATION_LEVEL = "-Onone";
				SWIFT_VERSION = 4.0;
				TARGETED_DEVICE_FAMILY = 1;
			};
			name = Debug;
		};
		0D6AA3E3208187CF00194AA5 /* Release */ = {
			isa = XCBuildConfiguration;
			baseConfigurationReference = 11A8F7AD65C39486BD704C22 /* Pods-Water Energy Tracker.release.xcconfig */;
			buildSettings = {
				ASSETCATALOG_COMPILER_APPICON_NAME = AppIcon;
				CLANG_ENABLE_MODULES = YES;
				CODE_SIGN_ENTITLEMENTS = "Water Energy Tracker/Water Energy Tracker.entitlements";
				CODE_SIGN_STYLE = Automatic;
				DEVELOPMENT_TEAM = MR9FEBC46L;
				ENABLE_BITCODE = NO;
				FRAMEWORK_SEARCH_PATHS = (
					"$(inherited)",
					"$(PROJECT_DIR)",
				);
				INFOPLIST_FILE = "Water Energy Tracker/Info.plist";
				IPHONEOS_DEPLOYMENT_TARGET = 10.3;
				LD_RUNPATH_SEARCH_PATHS = "$(inherited) @executable_path/Frameworks";
				PRODUCT_BUNDLE_IDENTIFIER = "com.savior.Water-Energy-Tracker2";
				PRODUCT_NAME = "$(TARGET_NAME)";
				SWIFT_OBJC_BRIDGING_HEADER = "Water Energy Tracker/Classes/UI/Common/Water Energy Tracker-Bridging-Header.h";
				SWIFT_VERSION = 4.0;
				TARGETED_DEVICE_FAMILY = 1;
			};
			name = Release;
		};
/* End XCBuildConfiguration section */

/* Begin XCConfigurationList section */
		0D6AA3CA208187CF00194AA5 /* Build configuration list for PBXProject "Water Energy Tracker" */ = {
			isa = XCConfigurationList;
			buildConfigurations = (
				0D6AA3DF208187CF00194AA5 /* Debug */,
				0D6AA3E0208187CF00194AA5 /* Release */,
			);
			defaultConfigurationIsVisible = 0;
			defaultConfigurationName = Release;
		};
		0D6AA3E1208187CF00194AA5 /* Build configuration list for PBXNativeTarget "Water Energy Tracker" */ = {
			isa = XCConfigurationList;
			buildConfigurations = (
				0D6AA3E2208187CF00194AA5 /* Debug */,
				0D6AA3E3208187CF00194AA5 /* Release */,
			);
			defaultConfigurationIsVisible = 0;
			defaultConfigurationName = Release;
		};
/* End XCConfigurationList section */
	};
	rootObject = 0D6AA3C7208187CF00194AA5 /* Project object */;
}
